
Microsoft Visual Studio Solution File, Format Version 12.00
# Visual Studio 2012
Project("{FAE04EC0-301F-11D3-BF4B-00C04F79EFBC}") = "StopWatch", "StopWatch\StopWatch.csproj", "{5A66BA59-35CF-42A2-ADA7-A0BE6069F588}"
EndProject
Project("{2150E333-8FDC-42A3-9474-1A3956D46DE8}") = "Dependencies", "Dependencies", "{2FA7410C-7EED-4698-90D4-DA31365FA184}"
EndProject
Project("{FAE04EC0-301F-11D3-BF4B-00C04F79EFBC}") = "PerformanceLibrary", "PerformanceLibrary\PerformanceLibrary.csproj", "{D9C2C677-18D9-4779-8A08-1621264417C6}"
EndProject
Global
	GlobalSection(TeamFoundationVersionControl) = preSolution
		SccNumberOfProjects = 3
		SccEnterpriseProvider = {4CA58AB2-18FA-4F8D-95D4-32DDF27D184C}
		SccTeamFoundationServer = http://ri-team02:8080/tfs/software%20engineering
		SccLocalPath0 = .
		SccProjectUniqueName1 = StopWatch\\StopWatch.csproj
		SccProjectName1 = StopWatch
		SccLocalPath1 = StopWatch
		SccProjectUniqueName2 = PerformanceLibrary\\PerformanceLibrary.csproj
		SccProjectTopLevelParentUniqueName2 = StopWatch.sln
		SccProjectName2 = PerformanceLibrary
		SccLocalPath2 = PerformanceLibrary
	EndGlobalSection
	GlobalSection(SolutionConfigurationPlatforms) = preSolution
		Debug|Any CPU = Debug|Any CPU
		Release|Any CPU = Release|Any CPU
	EndGlobalSection
	GlobalSection(ProjectConfigurationPlatforms) = postSolution
		{5A66BA59-35CF-42A2-ADA7-A0BE6069F588}.Debug|Any CPU.ActiveCfg = Debug|Any CPU
		{5A66BA59-35CF-42A2-ADA7-A0BE6069F588}.Debug|Any CPU.Build.0 = Debug|Any CPU
		{5A66BA59-35CF-42A2-ADA7-A0BE6069F588}.Release|Any CPU.ActiveCfg = Release|Any CPU
		{5A66BA59-35CF-42A2-ADA7-A0BE6069F588}.Release|Any CPU.Build.0 = Release|Any CPU
		{D9C2C677-18D9-4779-8A08-1621264417C6}.Debug|Any CPU.ActiveCfg = Debug|Any CPU
		{D9C2C677-18D9-4779-8A08-1621264417C6}.Debug|Any CPU.Build.0 = Debug|Any CPU
		{D9C2C677-18D9-4779-8A08-1621264417C6}.Release|Any CPU.ActiveCfg = Release|Any CPU
		{D9C2C677-18D9-4779-8A08-1621264417C6}.Release|Any CPU.Build.0 = Release|Any CPU
	EndGlobalSection
	GlobalSection(SolutionProperties) = preSolution
		HideSolutionNode = FALSE
	EndGlobalSection
	GlobalSection(NestedProjects) = preSolution
		{D9C2C677-18D9-4779-8A08-1621264417C6} = {2FA7410C-7EED-4698-90D4-DA31365FA184}
	EndGlobalSection
EndGlobal
